// !$*UTF8*$!
{
	archiveVersion = 1;
	classes = {
	};
	objectVersion = 77;
	objects = {

/* Begin PBXBuildFile section */
		01E113382D982F8D00C35826 /* FirebaseAuth in Frameworks */ = {isa = PBXBuildFile; productRef = 01E113372D982F8D00C35826 /* FirebaseAuth */; };
		01E1133A2D98301400C35826 /* FirebaseAnalytics in Frameworks */ = {isa = PBXBuildFile; productRef = 01E113392D98301400C35826 /* FirebaseAnalytics */; };
/* End PBXBuildFile section */

/* Begin PBXContainerItemProxy section */
		0157EAB62D92E40000605DFA /* PBXContainerItemProxy */ = {
			isa = PBXContainerItemProxy;
			containerPortal = 0157EA972D92E3FF00605DFA /* Project object */;
			proxyType = 1;
			remoteGlobalIDString = 0157EA9E2D92E3FF00605DFA;
			remoteInfo = AccountingBook;
		};
		0157EAC02D92E40000605DFA /* PBXContainerItemProxy */ = {
			isa = PBXContainerItemProxy;
			containerPortal = 0157EA972D92E3FF00605DFA /* Project object */;
			proxyType = 1;
			remoteGlobalIDString = 0157EA9E2D92E3FF00605DFA;
			remoteInfo = AccountingBook;
		};
/* End PBXContainerItemProxy section */

/* Begin PBXFileReference section */
		0157EA9F2D92E3FF00605DFA /* AccountingBook.app */ = {isa = PBXFileReference; explicitFileType = wrapper.application; includeInIndex = 0; path = AccountingBook.app; sourceTree = BUILT_PRODUCTS_DIR; };
		0157EAB52D92E40000605DFA /* AccountingBookTests.xctest */ = {isa = PBXFileReference; explicitFileType = wrapper.cfbundle; includeInIndex = 0; path = AccountingBookTests.xctest; sourceTree = BUILT_PRODUCTS_DIR; };
		0157EABF2D92E40000605DFA /* AccountingBookUITests.xctest */ = {isa = PBXFileReference; explicitFileType = wrapper.cfbundle; includeInIndex = 0; path = AccountingBookUITests.xctest; sourceTree = BUILT_PRODUCTS_DIR; };
/* End PBXFileReference section */

/* Begin PBXFileSystemSynchronizedBuildFileExceptionSet section */
		0157EAC72D92E40000605DFA /* Exceptions for "AccountingBook" folder in "AccountingBook" target */ = {
			isa = PBXFileSystemSynchronizedBuildFileExceptionSet;
			membershipExceptions = (
				Info.plist,
			);
			target = 0157EA9E2D92E3FF00605DFA /* AccountingBook */;
		};
/* End PBXFileSystemSynchronizedBuildFileExceptionSet section */

/* Begin PBXFileSystemSynchronizedRootGroup section */
		0157EAA12D92E3FF00605DFA /* AccountingBook */ = {
			isa = PBXFileSystemSynchronizedRootGroup;
			exceptions = (
				0157EAC72D92E40000605DFA /* Exceptions for "AccountingBook" folder in "AccountingBook" target */,
			);
			path = AccountingBook;
			sourceTree = "<group>";
		};
		0157EAB82D92E40000605DFA /* AccountingBookTests */ = {
			isa = PBXFileSystemSynchronizedRootGroup;
			path = AccountingBookTests;
			sourceTree = "<group>";
		};
		0157EAC22D92E40000605DFA /* AccountingBookUITests */ = {
			isa = PBXFileSystemSynchronizedRootGroup;
			path = AccountingBookUITests;
			sourceTree = "<group>";
		};
/* End PBXFileSystemSynchronizedRootGroup section */

/* Begin PBXFrameworksBuildPhase section */
		0157EA9C2D92E3FF00605DFA /* Frameworks */ = {
			isa = PBXFrameworksBuildPhase;
			buildActionMask = 2147483647;
			files = (
				01E1133A2D98301400C35826 /* FirebaseAnalytics in Frameworks */,
				01E113382D982F8D00C35826 /* FirebaseAuth in Frameworks */,
			);
			runOnlyForDeploymentPostprocessing = 0;
		};
		0157EAB22D92E40000605DFA /* Frameworks */ = {
			isa = PBXFrameworksBuildPhase;
			buildActionMask = 2147483647;
			files = (
			);
			runOnlyForDeploymentPostprocessing = 0;
		};
		0157EABC2D92E40000605DFA /* Frameworks */ = {
			isa = PBXFrameworksBuildPhase;
			buildActionMask = 2147483647;
			files = (
			);
			runOnlyForDeploymentPostprocessing = 0;
		};
/* End PBXFrameworksBuildPhase section */

/* Begin PBXGroup section */
		0157EA962D92E3FF00605DFA = {
			isa = PBXGroup;
			children = (
				0157EAA12D92E3FF00605DFA /* AccountingBook */,
				0157EAB82D92E40000605DFA /* AccountingBookTests */,
				0157EAC22D92E40000605DFA /* AccountingBookUITests */,
				0157EAA02D92E3FF00605DFA /* Products */,
			);
			sourceTree = "<group>";
		};
		0157EAA02D92E3FF00605DFA /* Products */ = {
			isa = PBXGroup;
			children = (
				0157EA9F2D92E3FF00605DFA /* AccountingBook.app */,
				0157EAB52D92E40000605DFA /* AccountingBookTests.xctest */,
				0157EABF2D92E40000605DFA /* AccountingBookUITests.xctest */,
			);
			name = Products;
			sourceTree = "<group>";
		};
/* End PBXGroup section */

/* Begin PBXNativeTarget section */
		0157EA9E2D92E3FF00605DFA /* AccountingBook */ = {
			isa = PBXNativeTarget;
			buildConfigurationList = 0157EAC82D92E40000605DFA /* Build configuration list for PBXNativeTarget "AccountingBook" */;
			buildPhases = (
				0157EA9B2D92E3FF00605DFA /* Sources */,
				0157EA9C2D92E3FF00605DFA /* Frameworks */,
				0157EA9D2D92E3FF00605DFA /* Resources */,
			);
			buildRules = (
			);
			dependencies = (
			);
			fileSystemSynchronizedGroups = (
				0157EAA12D92E3FF00605DFA /* AccountingBook */,
			);
			name = AccountingBook;
			packageProductDependencies = (
				01E113372D982F8D00C35826 /* FirebaseAuth */,
				01E113392D98301400C35826 /* FirebaseAnalytics */,
			);
			productName = AccountingBook;
			productReference = 0157EA9F2D92E3FF00605DFA /* AccountingBook.app */;
			productType = "com.apple.product-type.application";
		};
		0157EAB42D92E40000605DFA /* AccountingBookTests */ = {
			isa = PBXNativeTarget;
			buildConfigurationList = 0157EACD2D92E40000605DFA /* Build configuration list for PBXNativeTarget "AccountingBookTests" */;
			buildPhases = (
				0157EAB12D92E40000605DFA /* Sources */,
				0157EAB22D92E40000605DFA /* Frameworks */,
				0157EAB32D92E40000605DFA /* Resources */,
			);
			buildRules = (
			);
			dependencies = (
				0157EAB72D92E40000605DFA /* PBXTargetDependency */,
			);
			fileSystemSynchronizedGroups = (
				0157EAB82D92E40000605DFA /* AccountingBookTests */,
			);
			name = AccountingBookTests;
			packageProductDependencies = (
			);
			productName = AccountingBookTests;
			productReference = 0157EAB52D92E40000605DFA /* AccountingBookTests.xctest */;
			productType = "com.apple.product-type.bundle.unit-test";
		};
		0157EABE2D92E40000605DFA /* AccountingBookUITests */ = {
			isa = PBXNativeTarget;
			buildConfigurationList = 0157EAD02D92E40000605DFA /* Build configuration list for PBXNativeTarget "AccountingBookUITests" */;
			buildPhases = (
				0157EABB2D92E40000605DFA /* Sources */,
				0157EABC2D92E40000605DFA /* Frameworks */,
				0157EABD2D92E40000605DFA /* Resources */,
			);
			buildRules = (
			);
			dependencies = (
				0157EAC12D92E40000605DFA /* PBXTargetDependency */,
			);
			fileSystemSynchronizedGroups = (
				0157EAC22D92E40000605DFA /* AccountingBookUITests */,
			);
			name = AccountingBookUITests;
			packageProductDependencies = (
			);
			productName = AccountingBookUITests;
			productReference = 0157EABF2D92E40000605DFA /* AccountingBookUITests.xctest */;
			productType = "com.apple.product-type.bundle.ui-testing";
		};
/* End PBXNativeTarget section */

/* Begin PBXProject section */
		0157EA972D92E3FF00605DFA /* Project object */ = {
			isa = PBXProject;
			attributes = {
				BuildIndependentTargetsInParallel = 1;
				LastSwiftUpdateCheck = 1620;
				LastUpgradeCheck = 1620;
				TargetAttributes = {
					0157EA9E2D92E3FF00605DFA = {
						CreatedOnToolsVersion = 16.2;
					};
					0157EAB42D92E40000605DFA = {
						CreatedOnToolsVersion = 16.2;
						TestTargetID = 0157EA9E2D92E3FF00605DFA;
					};
					0157EABE2D92E40000605DFA = {
						CreatedOnToolsVersion = 16.2;
						TestTargetID = 0157EA9E2D92E3FF00605DFA;
					};
				};
			};
			buildConfigurationList = 0157EA9A2D92E3FF00605DFA /* Build configuration list for PBXProject "AccountingBook" */;
			developmentRegion = en;
			hasScannedForEncodings = 0;
			knownRegions = (
				en,
				Base,
			);
			mainGroup = 0157EA962D92E3FF00605DFA;
			minimizedProjectReferenceProxies = 1;
			packageReferences = (
				01E113362D982F8D00C35826 /* XCRemoteSwiftPackageReference "firebase-ios-sdk" */,
			);
			preferredProjectObjectVersion = 77;
			productRefGroup = 0157EAA02D92E3FF00605DFA /* Products */;
			projectDirPath = "";
			projectRoot = "";
			targets = (
				0157EA9E2D92E3FF00605DFA /* AccountingBook */,
				0157EAB42D92E40000605DFA /* AccountingBookTests */,
				0157EABE2D92E40000605DFA /* AccountingBookUITests */,
			);
		};
/* End PBXProject section */

/* Begin PBXResourcesBuildPhase section */
		0157EA9D2D92E3FF00605DFA /* Resources */ = {
			isa = PBXResourcesBuildPhase;
			buildActionMask = 2147483647;
			files = (
			);
			runOnlyForDeploymentPostprocessing = 0;
		};
		0157EAB32D92E40000605DFA /* Resources */ = {
			isa = PBXResourcesBuildPhase;
			buildActionMask = 2147483647;
			files = (
			);
			runOnlyForDeploymentPostprocessing = 0;
		};
		0157EABD2D92E40000605DFA /* Resources */ = {
			isa = PBXResourcesBuildPhase;
			buildActionMask = 2147483647;
			files = (
			);
			runOnlyForDeploymentPostprocessing = 0;
		};
/* End PBXResourcesBuildPhase section */

/* Begin PBXSourcesBuildPhase section */
		0157EA9B2D92E3FF00605DFA /* Sources */ = {
			isa = PBXSourcesBuildPhase;
			buildActionMask = 2147483647;
			files = (
			);
			runOnlyForDeploymentPostprocessing = 0;
		};
		0157EAB12D92E40000605DFA /* Sources */ = {
			isa = PBXSourcesBuildPhase;
			buildActionMask = 2147483647;
			files = (
			);
			runOnlyForDeploymentPostprocessing = 0;
		};
		0157EABB2D92E40000605DFA /* Sources */ = {
			isa = PBXSourcesBuildPhase;
			buildActionMask = 2147483647;
			files = (
			);
			runOnlyForDeploymentPostprocessing = 0;
		};
/* End PBXSourcesBuildPhase section */

/* Begin PBXTargetDependency section */
		0157EAB72D92E40000605DFA /* PBXTargetDependency */ = {
			isa = PBXTargetDependency;
			target = 0157EA9E2D92E3FF00605DFA /* AccountingBook */;
			targetProxy = 0157EAB62D92E40000605DFA /* PBXContainerItemProxy */;
		};
		0157EAC12D92E40000605DFA /* PBXTargetDependency */ = {
			isa = PBXTargetDependency;
			target = 0157EA9E2D92E3FF00605DFA /* AccountingBook */;
			targetProxy = 0157EAC02D92E40000605DFA /* PBXContainerItemProxy */;
		};
/* End PBXTargetDependency section */

/* Begin XCBuildConfiguration section */
		0157EAC92D92E40000605DFA /* Debug */ = {
			isa = XCBuildConfiguration;
			buildSettings = {
				ASSETCATALOG_COMPILER_APPICON_NAME = AppIcon;
				ASSETCATALOG_COMPILER_GLOBAL_ACCENT_COLOR_NAME = AccentColor;
				CODE_SIGN_STYLE = Automatic;
				CURRENT_PROJECT_VERSION = 1;
				GENERATE_INFOPLIST_FILE = YES;
				INFOPLIST_FILE = AccountingBook/Info.plist;
				INFOPLIST_KEY_UIApplicationSupportsIndirectInputEvents = YES;
				INFOPLIST_KEY_UILaunchStoryboardName = LaunchScreen;
				INFOPLIST_KEY_UISupportedInterfaceOrientations_iPad = "UIInterfaceOrientationPortrait UIInterfaceOrientationPortraitUpsideDown UIInterfaceOrientationLandscapeLeft UIInterfaceOrientationLandscapeRight";
				INFOPLIST_KEY_UISupportedInterfaceOrientations_iPhone = "UIInterfaceOrientationPortrait UIInterfaceOrientationLandscapeLeft UIInterfaceOrientationLandscapeRight";
				LD_RUNPATH_SEARCH_PATHS = (
					"$(inherited)",
					"@executable_path/Frameworks",
				);
				MARKETING_VERSION = 1.0;
				PRODUCT_BUNDLE_IDENTIFIER = com.frank61003.AccountingBook;
				PRODUCT_NAME = "$(TARGET_NAME)";
				SWIFT_EMIT_LOC_STRINGS = YES;
				SWIFT_VERSION = 5.0;
				TARGETED_DEVICE_FAMILY = "1,2";
			};
			name = Debug;
		};
		0157EACA2D92E40000605DFA /* Release */ = {
			isa = XCBuildConfiguration;
			buildSettings = {
				ASSETCATALOG_COMPILER_APPICON_NAME = AppIcon;
				ASSETCATALOG_COMPILER_GLOBAL_ACCENT_COLOR_NAME = AccentColor;
				CODE_SIGN_STYLE = Automatic;
				CURRENT_PROJECT_VERSION = 1;
				GENERATE_INFOPLIST_FILE = YES;
				INFOPLIST_FILE = AccountingBook/Info.plist;
				INFOPLIST_KEY_UIApplicationSupportsIndirectInputEvents = YES;
				INFOPLIST_KEY_UILaunchStoryboardName = LaunchScreen;
				INFOPLIST_KEY_UISupportedInterfaceOrientations_iPad = "UIInterfaceOrientationPortrait UIInterfaceOrientationPortraitUpsideDown UIInterfaceOrientationLandscapeLeft UIInterfaceOrientationLandscapeRight";
				INFOPLIST_KEY_UISupportedInterfaceOrientations_iPhone = "UIInterfaceOrientationPortrait UIInterfaceOrientationLandscapeLeft UIInterfaceOrientationLandscapeRight";
				LD_RUNPATH_SEARCH_PATHS = (
					"$(inherited)",
					"@executable_path/Frameworks",
				);
				MARKETING_VERSION = 1.0;
				PRODUCT_BUNDLE_IDENTIFIER = com.frank61003.AccountingBook;
				PRODUCT_NAME = "$(TARGET_NAME)";
				SWIFT_EMIT_LOC_STRINGS = YES;
				SWIFT_VERSION = 5.0;
				TARGETED_DEVICE_FAMILY = "1,2";
			};
			name = Release;
		};
		0157EACB2D92E40000605DFA /* Debug */ = {
			isa = XCBuildConfiguration;
			buildSettings = {
				ALWAYS_SEARCH_USER_PATHS = NO;
				ASSETCATALOG_COMPILER_GENERATE_SWIFT_ASSET_SYMBOL_EXTENSIONS = YES;
				CLANG_ANALYZER_NONNULL = YES;
				CLANG_ANALYZER_NUMBER_OBJECT_CONVERSION = YES_AGGRESSIVE;
				CLANG_CXX_LANGUAGE_STANDARD = "gnu++20";
				CLANG_ENABLE_MODULES = YES;
				CLANG_ENABLE_OBJC_ARC = YES;
				CLANG_ENABLE_OBJC_WEAK = YES;
				CLANG_WARN_BLOCK_CAPTURE_AUTORELEASING = YES;
				CLANG_WARN_BOOL_CONVERSION = YES;
				CLANG_WARN_COMMA = YES;
				CLANG_WARN_CONSTANT_CONVERSION = YES;
				CLANG_WARN_DEPRECATED_OBJC_IMPLEMENTATIONS = YES;
				CLANG_WARN_DIRECT_OBJC_ISA_USAGE = YES_ERROR;
				CLANG_WARN_DOCUMENTATION_COMMENTS = YES;
				CLANG_WARN_EMPTY_BODY = YES;
				CLANG_WARN_ENUM_CONVERSION = YES;
				CLANG_WARN_INFINITE_RECURSION = YES;
				CLANG_WARN_INT_CONVERSION = YES;
				CLANG_WARN_NON_LITERAL_NULL_CONVERSION = YES;
				CLANG_WARN_OBJC_IMPLICIT_RETAIN_SELF = YES;
				CLANG_WARN_OBJC_LITERAL_CONVERSION = YES;
				CLANG_WARN_OBJC_ROOT_CLASS = YES_ERROR;
				CLANG_WARN_QUOTED_INCLUDE_IN_FRAMEWORK_HEADER = YES;
				CLANG_WARN_RANGE_LOOP_ANALYSIS = YES;
				CLANG_WARN_STRICT_PROTOTYPES = YES;
				CLANG_WARN_SUSPICIOUS_MOVE = YES;
				CLANG_WARN_UNGUARDED_AVAILABILITY = YES_AGGRESSIVE;
				CLANG_WARN_UNREACHABLE_CODE = YES;
				CLANG_WARN__DUPLICATE_METHOD_MATCH = YES;
				COPY_PHASE_STRIP = NO;
				DEBUG_INFORMATION_FORMAT = dwarf;
				ENABLE_STRICT_OBJC_MSGSEND = YES;
				ENABLE_TESTABILITY = YES;
				ENABLE_USER_SCRIPT_SANDBOXING = YES;
				GCC_C_LANGUAGE_STANDARD = gnu17;
				GCC_DYNAMIC_NO_PIC = NO;
				GCC_NO_COMMON_BLOCKS = YES;
				GCC_OPTIMIZATION_LEVEL = 0;
				GCC_PREPROCESSOR_DEFINITIONS = (
					"DEBUG=1",
					"$(inherited)",
				);
				GCC_WARN_64_TO_32_BIT_CONVERSION = YES;
				GCC_WARN_ABOUT_RETURN_TYPE = YES_ERROR;
				GCC_WARN_UNDECLARED_SELECTOR = YES;
				GCC_WARN_UNINITIALIZED_AUTOS = YES_AGGRESSIVE;
				GCC_WARN_UNUSED_FUNCTION = YES;
				GCC_WARN_UNUSED_VARIABLE = YES;
				IPHONEOS_DEPLOYMENT_TARGET = 18.2;
				LOCALIZATION_PREFERS_STRING_CATALOGS = YES;
				MTL_ENABLE_DEBUG_INFO = INCLUDE_SOURCE;
				MTL_FAST_MATH = YES;
				ONLY_ACTIVE_ARCH = YES;
				SDKROOT = iphoneos;
				SWIFT_ACTIVE_COMPILATION_CONDITIONS = "DEBUG $(inherited)";
				SWIFT_OPTIMIZATION_LEVEL = "-Onone";
			};
			name = Debug;
		};
		0157EACC2D92E40000605DFA /* Release */ = {
			isa = XCBuildConfiguration;
			buildSettings = {
				ALWAYS_SEARCH_USER_PATHS = NO;
				ASSETCATALOG_COMPILER_GENERATE_SWIFT_ASSET_SYMBOL_EXTENSIONS = YES;
				CLANG_ANALYZER_NONNULL = YES;
				CLANG_ANALYZER_NUMBER_OBJECT_CONVERSION = YES_AGGRESSIVE;
				CLANG_CXX_LANGUAGE_STANDARD = "gnu++20";
				CLANG_ENABLE_MODULES = YES;
				CLANG_ENABLE_OBJC_ARC = YES;
				CLANG_ENABLE_OBJC_WEAK = YES;
				CLANG_WARN_BLOCK_CAPTURE_AUTORELEASING = YES;
				CLANG_WARN_BOOL_CONVERSION = YES;
				CLANG_WARN_COMMA = YES;
				CLANG_WARN_CONSTANT_CONVERSION = YES;
				CLANG_WARN_DEPRECATED_OBJC_IMPLEMENTATIONS = YES;
				CLANG_WARN_DIRECT_OBJC_ISA_USAGE = YES_ERROR;
				CLANG_WARN_DOCUMENTATION_COMMENTS = YES;
				CLANG_WARN_EMPTY_BODY = YES;
				CLANG_WARN_ENUM_CONVERSION = YES;
				CLANG_WARN_INFINITE_RECURSION = YES;
				CLANG_WARN_INT_CONVERSION = YES;
				CLANG_WARN_NON_LITERAL_NULL_CONVERSION = YES;
				CLANG_WARN_OBJC_IMPLICIT_RETAIN_SELF = YES;
				CLANG_WARN_OBJC_LITERAL_CONVERSION = YES;
				CLANG_WARN_OBJC_ROOT_CLASS = YES_ERROR;
				CLANG_WARN_QUOTED_INCLUDE_IN_FRAMEWORK_HEADER = YES;
				CLANG_WARN_RANGE_LOOP_ANALYSIS = YES;
				CLANG_WARN_STRICT_PROTOTYPES = YES;
				CLANG_WARN_SUSPICIOUS_MOVE = YES;
				CLANG_WARN_UNGUARDED_AVAILABILITY = YES_AGGRESSIVE;
				CLANG_WARN_UNREACHABLE_CODE = YES;
				CLANG_WARN__DUPLICATE_METHOD_MATCH = YES;
				COPY_PHASE_STRIP = NO;
				DEBUG_INFORMATION_FORMAT = "dwarf-with-dsym";
				ENABLE_NS_ASSERTIONS = NO;
				ENABLE_STRICT_OBJC_MSGSEND = YES;
				ENABLE_USER_SCRIPT_SANDBOXING = YES;
				GCC_C_LANGUAGE_STANDARD = gnu17;
				GCC_NO_COMMON_BLOCKS = YES;
				GCC_WARN_64_TO_32_BIT_CONVERSION = YES;
				GCC_WARN_ABOUT_RETURN_TYPE = YES_ERROR;
				GCC_WARN_UNDECLARED_SELECTOR = YES;
				GCC_WARN_UNINITIALIZED_AUTOS = YES_AGGRESSIVE;
				GCC_WARN_UNUSED_FUNCTION = YES;
				GCC_WARN_UNUSED_VARIABLE = YES;
				IPHONEOS_DEPLOYMENT_TARGET = 18.2;
				LOCALIZATION_PREFERS_STRING_CATALOGS = YES;
				MTL_ENABLE_DEBUG_INFO = NO;
				MTL_FAST_MATH = YES;
				SDKROOT = iphoneos;
				SWIFT_COMPILATION_MODE = wholemodule;
				VALIDATE_PRODUCT = YES;
			};
			name = Release;
		};
		0157EACE2D92E40000605DFA /* Debug */ = {
			isa = XCBuildConfiguration;
			buildSettings = {
				BUNDLE_LOADER = "$(TEST_HOST)";
				CODE_SIGN_STYLE = Automatic;
				CURRENT_PROJECT_VERSION = 1;
				GENERATE_INFOPLIST_FILE = YES;
				IPHONEOS_DEPLOYMENT_TARGET = 18.2;
				MARKETING_VERSION = 1.0;
				PRODUCT_BUNDLE_IDENTIFIER = com.frank61003.AccountingBookTests;
				PRODUCT_NAME = "$(TARGET_NAME)";
				SWIFT_EMIT_LOC_STRINGS = NO;
				SWIFT_VERSION = 5.0;
				TARGETED_DEVICE_FAMILY = "1,2";
				TEST_HOST = "$(BUILT_PRODUCTS_DIR)/AccountingBook.app/$(BUNDLE_EXECUTABLE_FOLDER_PATH)/AccountingBook";
			};
			name = Debug;
		};
		0157EACF2D92E40000605DFA /* Release */ = {
			isa = XCBuildConfiguration;
			buildSettings = {
				BUNDLE_LOADER = "$(TEST_HOST)";
				CODE_SIGN_STYLE = Automatic;
				CURRENT_PROJECT_VERSION = 1;
				GENERATE_INFOPLIST_FILE = YES;
				IPHONEOS_DEPLOYMENT_TARGET = 18.2;
				MARKETING_VERSION = 1.0;
				PRODUCT_BUNDLE_IDENTIFIER = com.frank61003.AccountingBookTests;
				PRODUCT_NAME = "$(TARGET_NAME)";
				SWIFT_EMIT_LOC_STRINGS = NO;
				SWIFT_VERSION = 5.0;
				TARGETED_DEVICE_FAMILY = "1,2";
				TEST_HOST = "$(BUILT_PRODUCTS_DIR)/AccountingBook.app/$(BUNDLE_EXECUTABLE_FOLDER_PATH)/AccountingBook";
			};
			name = Release;
		};
		0157EAD12D92E40000605DFA /* Debug */ = {
			isa = XCBuildConfiguration;
			buildSettings = {
				CODE_SIGN_STYLE = Automatic;
				CURRENT_PROJECT_VERSION = 1;
				GENERATE_INFOPLIST_FILE = YES;
				MARKETING_VERSION = 1.0;
				PRODUCT_BUNDLE_IDENTIFIER = com.frank61003.AccountingBookUITests;
				PRODUCT_NAME = "$(TARGET_NAME)";
				SWIFT_EMIT_LOC_STRINGS = NO;
				SWIFT_VERSION = 5.0;
				TARGETED_DEVICE_FAMILY = "1,2";
				TEST_TARGET_NAME = AccountingBook;
			};
			name = Debug;
		};
		0157EAD22D92E40000605DFA /* Release */ = {
			isa = XCBuildConfiguration;
			buildSettings = {
				CODE_SIGN_STYLE = Automatic;
				CURRENT_PROJECT_VERSION = 1;
				GENERATE_INFOPLIST_FILE = YES;
				MARKETING_VERSION = 1.0;
				PRODUCT_BUNDLE_IDENTIFIER = com.frank61003.AccountingBookUITests;
				PRODUCT_NAME = "$(TARGET_NAME)";
				SWIFT_EMIT_LOC_STRINGS = NO;
				SWIFT_VERSION = 5.0;
				TARGETED_DEVICE_FAMILY = "1,2";
				TEST_TARGET_NAME = AccountingBook;
			};
			name = Release;
		};
/* End XCBuildConfiguration section */

/* Begin XCConfigurationList section */
		0157EA9A2D92E3FF00605DFA /* Build configuration list for PBXProject "AccountingBook" */ = {
			isa = XCConfigurationList;
			buildConfigurations = (
				0157EACB2D92E40000605DFA /* Debug */,
				0157EACC2D92E40000605DFA /* Release */,
			);
			defaultConfigurationIsVisible = 0;
			defaultConfigurationName = Release;
		};
		0157EAC82D92E40000605DFA /* Build configuration list for PBXNativeTarget "AccountingBook" */ = {
			isa = XCConfigurationList;
			buildConfigurations = (
				0157EAC92D92E40000605DFA /* Debug */,
				0157EACA2D92E40000605DFA /* Release */,
			);
			defaultConfigurationIsVisible = 0;
			defaultConfigurationName = Release;
		};
		0157EACD2D92E40000605DFA /* Build configuration list for PBXNativeTarget "AccountingBookTests" */ = {
			isa = XCConfigurationList;
			buildConfigurations = (
				0157EACE2D92E40000605DFA /* Debug */,
				0157EACF2D92E40000605DFA /* Release */,
			);
			defaultConfigurationIsVisible = 0;
			defaultConfigurationName = Release;
		};
		0157EAD02D92E40000605DFA /* Build configuration list for PBXNativeTarget "AccountingBookUITests" */ = {
			isa = XCConfigurationList;
			buildConfigurations = (
				0157EAD12D92E40000605DFA /* Debug */,
				0157EAD22D92E40000605DFA /* Release */,
			);
			defaultConfigurationIsVisible = 0;
			defaultConfigurationName = Release;
		};
/* End XCConfigurationList section */

/* Begin XCRemoteSwiftPackageReference section */
		01E113362D982F8D00C35826 /* XCRemoteSwiftPackageReference "firebase-ios-sdk" */ = {
			isa = XCRemoteSwiftPackageReference;
			repositoryURL = "https://github.com/firebase/firebase-ios-sdk";
			requirement = {
				kind = upToNextMajorVersion;
				minimumVersion = 11.10.0;
			};
		};
/* End XCRemoteSwiftPackageReference section */

/* Begin XCSwiftPackageProductDependency section */
		01E113372D982F8D00C35826 /* FirebaseAuth */ = {
			isa = XCSwiftPackageProductDependency;
			package = 01E113362D982F8D00C35826 /* XCRemoteSwiftPackageReference "firebase-ios-sdk" */;
			productName = FirebaseAuth;
		};
		01E113392D98301400C35826 /* FirebaseAnalytics */ = {
			isa = XCSwiftPackageProductDependency;
			package = 01E113362D982F8D00C35826 /* XCRemoteSwiftPackageReference "firebase-ios-sdk" */;
			productName = FirebaseAnalytics;
		};
/* End XCSwiftPackageProductDependency section */
	};
	rootObject = 0157EA972D92E3FF00605DFA /* Project object */;
}
